
Microsoft Visual Studio Solution File, Format Version 12.00
# Visual Studio Version 17
VisualStudioVersion = 17.0.32112.339
MinimumVisualStudioVersion = 10.0.40219.1
Project("{FAE04EC0-301F-11D3-BF4B-00C04F79EFBC}") = "Football.Cmd", "Entity Framework Core Team Football\Football.Cmd.csproj", "{9FCA0FDC-839C-4FAA-B09F-F0A8B954DD24}"
EndProject
Project("{FAE04EC0-301F-11D3-BF4B-00C04F79EFBC}") = "Football.Data", "Football.Data\Football.Data.csproj", "{663035EE-722E-40AF-A498-A3B45BC59412}"
EndProject
Project("{FAE04EC0-301F-11D3-BF4B-00C04F79EFBC}") = "Football.Services", "Football.Services\Football.Services.csproj", "{0577C113-A1ED-4FFC-B905-A5CE336FCA11}"
EndProject
Global
	GlobalSection(SolutionConfigurationPlatforms) = preSolution
		Debug|Any CPU = Debug|Any CPU
		Release|Any CPU = Release|Any CPU
	EndGlobalSection
	GlobalSection(ProjectConfigurationPlatforms) = postSolution
		{9FCA0FDC-839C-4FAA-B09F-F0A8B954DD24}.Debug|Any CPU.ActiveCfg = Debug|Any CPU
		{9FCA0FDC-839C-4FAA-B09F-F0A8B954DD24}.Debug|Any CPU.Build.0 = Debug|Any CPU
		{9FCA0FDC-839C-4FAA-B09F-F0A8B954DD24}.Release|Any CPU.ActiveCfg = Release|Any CPU
		{9FCA0FDC-839C-4FAA-B09F-F0A8B954DD24}.Release|Any CPU.Build.0 = Release|Any CPU
		{663035EE-722E-40AF-A498-A3B45BC59412}.Debug|Any CPU.ActiveCfg = Debug|Any CPU
		{663035EE-722E-40AF-A498-A3B45BC59412}.Debug|Any CPU.Build.0 = Debug|Any CPU
		{663035EE-722E-40AF-A498-A3B45BC59412}.Release|Any CPU.ActiveCfg = Release|Any CPU
		{663035EE-722E-40AF-A498-A3B45BC59412}.Release|Any CPU.Build.0 = Release|Any CPU
		{0577C113-A1ED-4FFC-B905-A5CE336FCA11}.Debug|Any CPU.ActiveCfg = Debug|Any CPU
		{0577C113-A1ED-4FFC-B905-A5CE336FCA11}.Debug|Any CPU.Build.0 = Debug|Any CPU
		{0577C113-A1ED-4FFC-B905-A5CE336FCA11}.Release|Any CPU.ActiveCfg = Release|Any CPU
		{0577C113-A1ED-4FFC-B905-A5CE336FCA11}.Release|Any CPU.Build.0 = Release|Any CPU
	EndGlobalSection
	GlobalSection(SolutionProperties) = preSolution
		HideSolutionNode = FALSE
	EndGlobalSection
	GlobalSection(ExtensibilityGlobals) = postSolution
		SolutionGuid = {8EE14471-93FD-4B5A-822D-8E93B10AD7ED}
	EndGlobalSection
EndGlobal
